
Microsoft Visual Studio Solution File, Format Version 12.00
# Visual Studio 15
VisualStudioVersion = 15.0.28010.2050
MinimumVisualStudioVersion = 10.0.40219.1
Project("{FAE04EC0-301F-11D3-BF4B-00C04F79EFBC}") = "ScreenTest", "ScreenTest.csproj", "{3BB4BC09-96D6-4904-9601-A5049E5477DF}"
EndProject
Global
	GlobalSection(SolutionConfigurationPlatforms) = preSolution
		Debug|Any CPU = Debug|Any CPU
		Release|Any CPU = Release|Any CPU
	EndGlobalSection
	GlobalSection(ProjectConfigurationPlatforms) = postSolution
		{3BB4BC09-96D6-4904-9601-A5049E5477DF}.Debug|Any CPU.ActiveCfg = Debug|Any CPU
		{3BB4BC09-96D6-4904-9601-A5049E5477DF}.Debug|Any CPU.Build.0 = Debug|Any CPU
		{3BB4BC09-96D6-4904-9601-A5049E5477DF}.Release|Any CPU.ActiveCfg = Release|Any CPU
		{3BB4BC09-96D6-4904-9601-A5049E5477DF}.Release|Any CPU.Build.0 = Release|Any CPU
	EndGlobalSection
	GlobalSection(SolutionProperties) = preSolution
		HideSolutionNode = FALSE
	EndGlobalSection
	GlobalSection(ExtensibilityGlobals) = postSolution
		SolutionGuid = {09A8FB8E-BA27-46E2-8D51-8A6EEEB3184A}
	EndGlobalSection
EndGlobal
